// !$*UTF8*$!
{
	archiveVersion = 1;
	classes = {
	};
	objectVersion = 46;
	objects = {

/* Begin PBXBuildFile section */
		2923682C1AAB4DEE00AC91D5 /* main.cpp in Sources */ = {isa = PBXBuildFile; fileRef = 2923682B1AAB4DEE00AC91D5 /* main.cpp */; };
/* End PBXBuildFile section */

/* Begin PBXCopyFilesBuildPhase section */
		292368261AAB4DEE00AC91D5 /* CopyFiles */ = {
			isa = PBXCopyFilesBuildPhase;
			buildActionMask = 2147483647;
			dstPath = /usr/share/man/man1/;
			dstSubfolderSpec = 0;
			files = (
			);
			runOnlyForDeploymentPostprocessing = 1;
		};
/* End PBXCopyFilesBuildPhase section */

/* Begin PBXFileReference section */
		292368281AAB4DEE00AC91D5 /* Hotel Mangment */ = {isa = PBXFileReference; explicitFileType = "compiled.mach-o.executable"; includeInIndex = 0; path = "Hotel Mangment"; sourceTree = BUILT_PRODUCTS_DIR; };
		2923682B1AAB4DEE00AC91D5 /* main.cpp */ = {isa = PBXFileReference; lastKnownFileType = sourcecode.cpp.cpp; path = main.cpp; sourceTree = "<group>"; };
/* End PBXFileReference section */

/* Begin PBXFrameworksBuildPhase section */
		292368251AAB4DEE00AC91D5 /* Frameworks */ = {
			isa = PBXFrameworksBuildPhase;
			buildActionMask = 2147483647;
			files = (
			);
			runOnlyForDeploymentPostprocessing = 0;
		};
/* End PBXFrameworksBuildPhase section */

/* Begin PBXGroup section */
		2923681F1AAB4DEE00AC91D5 = {
			isa = PBXGroup;
			children = (
				2923682A1AAB4DEE00AC91D5 /* Hotel Mangment */,
				292368291AAB4DEE00AC91D5 /* Products */,
			);
			sourceTree = "<group>";
		};
		292368291AAB4DEE00AC91D5 /* Products */ = {
			isa = PBXGroup;
			children = (
				292368281AAB4DEE00AC91D5 /* Hotel Mangment */,
			);
			name = Products;
			sourceTree = "<group>";
		};
		2923682A1AAB4DEE00AC91D5 /* Hotel Mangment */ = {
			isa = PBXGroup;
			children = (
				2923682B1AAB4DEE00AC91D5 /* main.cpp */,
			);
			path = "Hotel Mangment";
			sourceTree = "<group>";
		};
/* End PBXGroup section */

/* Begin PBXNativeTarget section */
		292368271AAB4DEE00AC91D5 /* Hotel Mangment */ = {
			isa = PBXNativeTarget;
			buildConfigurationList = 2923682F1AAB4DEE00AC91D5 /* Build configuration list for PBXNativeTarget "Hotel Mangment" */;
			buildPhases = (
				292368241AAB4DEE00AC91D5 /* Sources */,
				292368251AAB4DEE00AC91D5 /* Frameworks */,
				292368261AAB4DEE00AC91D5 /* CopyFiles */,
			);
			buildRules = (
			);
			dependencies = (
			);
			name = "Hotel Mangment";
			productName = "Hotel Mangment";
			productReference = 292368281AAB4DEE00AC91D5 /* Hotel Mangment */;
			productType = "com.apple.product-type.tool";
		};
/* End PBXNativeTarget section */

/* Begin PBXProject section */
		292368201AAB4DEE00AC91D5 /* Project object */ = {
			isa = PBXProject;
			attributes = {
				LastUpgradeCheck = 0610;
				ORGANIZATIONNAME = FahadMusafa;
				TargetAttributes = {
					292368271AAB4DEE00AC91D5 = {
						CreatedOnToolsVersion = 6.1.1;
					};
				};
			};
			buildConfigurationList = 292368231AAB4DEE00AC91D5 /* Build configuration list for PBXProject "Hotel Mangment" */;
			compatibilityVersion = "Xcode 3.2";
			developmentRegion = English;
			hasScannedForEncodings = 0;
			knownRegions = (
				en,
			);
			mainGroup = 2923681F1AAB4DEE00AC91D5;
			productRefGroup = 292368291AAB4DEE00AC91D5 /* Products */;
			projectDirPath = "";
			projectRoot = "";
			targets = (
				292368271AAB4DEE00AC91D5 /* Hotel Mangment */,
			);
		};
/* End PBXProject section */

/* Begin PBXSourcesBuildPhase section */
		292368241AAB4DEE00AC91D5 /* Sources */ = {
			isa = PBXSourcesBuildPhase;
			buildActionMask = 2147483647;
			files = (
				2923682C1AAB4DEE00AC91D5 /* main.cpp in Sources */,
			);
			runOnlyForDeploymentPostprocessing = 0;
		};
/* End PBXSourcesBuildPhase section */

/* Begin XCBuildConfiguration section */
		2923682D1AAB4DEE00AC91D5 /* Debug */ = {
			isa = XCBuildConfiguration;
			buildSettings = {
				ALWAYS_SEARCH_USER_PATHS = NO;
				CLANG_CXX_LANGUAGE_STANDARD = "gnu++0x";
				CLANG_CXX_LIBRARY = "libc++";
				CLANG_ENABLE_MODULES = YES;
				CLANG_ENABLE_OBJC_ARC = YES;
				CLANG_WARN_BOOL_CONVERSION = YES;
				CLANG_WARN_CONSTANT_CONVERSION = YES;
				CLANG_WARN_DIRECT_OBJC_ISA_USAGE = YES_ERROR;
				CLANG_WARN_EMPTY_BODY = YES;
				CLANG_WARN_ENUM_CONVERSION = YES;
				CLANG_WARN_INT_CONVERSION = YES;
				CLANG_WARN_OBJC_ROOT_CLASS = YES_ERROR;
				CLANG_WARN_UNREACHABLE_CODE = YES;
				CLANG_WARN__DUPLICATE_METHOD_MATCH = YES;
				COPY_PHASE_STRIP = NO;
				ENABLE_STRICT_OBJC_MSGSEND = YES;
				GCC_C_LANGUAGE_STANDARD = gnu99;
				GCC_DYNAMIC_NO_PIC = NO;
				GCC_OPTIMIZATION_LEVEL = 0;
				GCC_PREPROCESSOR_DEFINITIONS = (
					"DEBUG=1",
					"$(inherited)",
				);
				GCC_SYMBOLS_PRIVATE_EXTERN = NO;
				GCC_WARN_64_TO_32_BIT_CONVERSION = YES;
				GCC_WARN_ABOUT_RETURN_TYPE = YES_ERROR;
				GCC_WARN_UNDECLARED_SELECTOR = YES;
				GCC_WARN_UNINITIALIZED_AUTOS = YES_AGGRESSIVE;
				GCC_WARN_UNUSED_FUNCTION = YES;
				GCC_WARN_UNUSED_VARIABLE = YES;
				MACOSX_DEPLOYMENT_TARGET = 10.10;
				MTL_ENABLE_DEBUG_INFO = YES;
				ONLY_ACTIVE_ARCH = YES;
				SDKROOT = macosx;
			};
			name = Debug;
		};
		2923682E1AAB4DEE00AC91D5 /* Release */ = {
			isa = XCBuildConfiguration;
			buildSettings = {
				ALWAYS_SEARCH_USER_PATHS = NO;
				CLANG_CXX_LANGUAGE_STANDARD = "gnu++0x";
				CLANG_CXX_LIBRARY = "libc++";
				CLANG_ENABLE_MODULES = YES;
				CLANG_ENABLE_OBJC_ARC = YES;
				CLANG_WARN_BOOL_CONVERSION = YES;
				CLANG_WARN_CONSTANT_CONVERSION = YES;
				CLANG_WARN_DIRECT_OBJC_ISA_USAGE = YES_ERROR;
				CLANG_WARN_EMPTY_BODY = YES;
				CLANG_WARN_ENUM_CONVERSION = YES;
				CLANG_WARN_INT_CONVERSION = YES;
				CLANG_WARN_OBJC_ROOT_CLASS = YES_ERROR;
				CLANG_WARN_UNREACHABLE_CODE = YES;
				CLANG_WARN__DUPLICATE_METHOD_MATCH = YES;
				COPY_PHASE_STRIP = YES;
				DEBUG_INFORMATION_FORMAT = "dwarf-with-dsym";
				ENABLE_NS_ASSERTIONS = NO;
				ENABLE_STRICT_OBJC_MSGSEND = YES;
				GCC_C_LANGUAGE_STANDARD = gnu99;
				GCC_WARN_64_TO_32_BIT_CONVERSION = YES;
				GCC_WARN_ABOUT_RETURN_TYPE = YES_ERROR;
				GCC_WARN_UNDECLARED_SELECTOR = YES;
				GCC_WARN_UNINITIALIZED_AUTOS = YES_AGGRESSIVE;
				GCC_WARN_UNUSED_FUNCTION = YES;
				GCC_WARN_UNUSED_VARIABLE = YES;
				MACOSX_DEPLOYMENT_TARGET = 10.10;
				MTL_ENABLE_DEBUG_INFO = NO;
				SDKROOT = macosx;
			};
			name = Release;
		};
		292368301AAB4DEE00AC91D5 /* Debug */ = {
			isa = XCBuildConfiguration;
			buildSettings = {
				PRODUCT_NAME = "$(TARGET_NAME)";
			};
			name = Debug;
		};
		292368311AAB4DEE00AC91D5 /* Release */ = {
			isa = XCBuildConfiguration;
			buildSettings = {
				PRODUCT_NAME = "$(TARGET_NAME)";
			};
			name = Release;
		};
/* End XCBuildConfiguration section */

/* Begin XCConfigurationList section */
		292368231AAB4DEE00AC91D5 /* Build configuration list for PBXProject "Hotel Mangment" */ = {
			isa = XCConfigurationList;
			buildConfigurations = (
				2923682D1AAB4DEE00AC91D5 /* Debug */,
				2923682E1AAB4DEE00AC91D5 /* Release */,
			);
			defaultConfigurationIsVisible = 0;
			defaultConfigurationName = Release;
		};
		2923682F1AAB4DEE00AC91D5 /* Build configuration list for PBXNativeTarget "Hotel Mangment" */ = {
			isa = XCConfigurationList;
			buildConfigurations = (
				292368301AAB4DEE00AC91D5 /* Debug */,
				292368311AAB4DEE00AC91D5 /* Release */,
			);
			defaultConfigurationIsVisible = 0;
		};
/* End XCConfigurationList section */
	};
	rootObject = 292368201AAB4DEE00AC91D5 /* Project object */;
}
